
Microsoft Visual Studio Solution File, Format Version 12.00
# Visual Studio Version 17
VisualStudioVersion = 17.0.32126.317
MinimumVisualStudioVersion = 10.0.40219.1
Project("{FAE04EC0-301F-11D3-BF4B-00C04F79EFBC}") = "KataPassword", "KataPassword\KataPassword.csproj", "{D24B39D2-4C43-4AFA-8DFB-931F3B2E672D}"
EndProject
Project("{FAE04EC0-301F-11D3-BF4B-00C04F79EFBC}") = "KataPasswordTest", "KataPasswordTest\KataPasswordTest.csproj", "{4C8DE284-A5BB-48BD-9080-4C4E99A509FE}"
EndProject
Global
	GlobalSection(SolutionConfigurationPlatforms) = preSolution
		Debug|Any CPU = Debug|Any CPU
		Release|Any CPU = Release|Any CPU
	EndGlobalSection
	GlobalSection(ProjectConfigurationPlatforms) = postSolution
		{D24B39D2-4C43-4AFA-8DFB-931F3B2E672D}.Debug|Any CPU.ActiveCfg = Debug|Any CPU
		{D24B39D2-4C43-4AFA-8DFB-931F3B2E672D}.Debug|Any CPU.Build.0 = Debug|Any CPU
		{D24B39D2-4C43-4AFA-8DFB-931F3B2E672D}.Release|Any CPU.ActiveCfg = Release|Any CPU
		{D24B39D2-4C43-4AFA-8DFB-931F3B2E672D}.Release|Any CPU.Build.0 = Release|Any CPU
		{4C8DE284-A5BB-48BD-9080-4C4E99A509FE}.Debug|Any CPU.ActiveCfg = Debug|Any CPU
		{4C8DE284-A5BB-48BD-9080-4C4E99A509FE}.Debug|Any CPU.Build.0 = Debug|Any CPU
		{4C8DE284-A5BB-48BD-9080-4C4E99A509FE}.Release|Any CPU.ActiveCfg = Release|Any CPU
		{4C8DE284-A5BB-48BD-9080-4C4E99A509FE}.Release|Any CPU.Build.0 = Release|Any CPU
	EndGlobalSection
	GlobalSection(SolutionProperties) = preSolution
		HideSolutionNode = FALSE
	EndGlobalSection
	GlobalSection(ExtensibilityGlobals) = postSolution
		SolutionGuid = {62CC2627-8757-44B2-93E8-297F26A59953}
	EndGlobalSection
EndGlobal
